
Microsoft Visual Studio Solution File, Format Version 12.00
# Visual Studio Version 16
VisualStudioVersion = 16.0.32413.511
MinimumVisualStudioVersion = 10.0.40219.1
Project("{FAE04EC0-301F-11D3-BF4B-00C04F79EFBC}") = "Assignment3", "Assignment3\Assignment3.csproj", "{8D60110F-C5F1-434F-BB62-F1D0D623B83A}"
EndProject
Global
	GlobalSection(SolutionConfigurationPlatforms) = preSolution
		Debug|Any CPU = Debug|Any CPU
		Release|Any CPU = Release|Any CPU
	EndGlobalSection
	GlobalSection(ProjectConfigurationPlatforms) = postSolution
		{8D60110F-C5F1-434F-BB62-F1D0D623B83A}.Debug|Any CPU.ActiveCfg = Debug|Any CPU
		{8D60110F-C5F1-434F-BB62-F1D0D623B83A}.Debug|Any CPU.Build.0 = Debug|Any CPU
		{8D60110F-C5F1-434F-BB62-F1D0D623B83A}.Release|Any CPU.ActiveCfg = Release|Any CPU
		{8D60110F-C5F1-434F-BB62-F1D0D623B83A}.Release|Any CPU.Build.0 = Release|Any CPU
	EndGlobalSection
	GlobalSection(SolutionProperties) = preSolution
		HideSolutionNode = FALSE
	EndGlobalSection
	GlobalSection(ExtensibilityGlobals) = postSolution
		SolutionGuid = {404614D6-4D02-4E0E-98ED-0D3F55548DE0}
	EndGlobalSection
EndGlobal
