
Microsoft Visual Studio Solution File, Format Version 12.00
# Visual Studio Version 16
VisualStudioVersion = 16.0.32413.511
MinimumVisualStudioVersion = 10.0.40219.1
Project("{FAE04EC0-301F-11D3-BF4B-00C04F79EFBC}") = "Assignment6", "Assignment6\Assignment6.csproj", "{6C335134-2B23-451C-B95C-D896A4BE53EC}"
EndProject
Global
	GlobalSection(SolutionConfigurationPlatforms) = preSolution
		Debug|Any CPU = Debug|Any CPU
		Release|Any CPU = Release|Any CPU
	EndGlobalSection
	GlobalSection(ProjectConfigurationPlatforms) = postSolution
		{6C335134-2B23-451C-B95C-D896A4BE53EC}.Debug|Any CPU.ActiveCfg = Debug|Any CPU
		{6C335134-2B23-451C-B95C-D896A4BE53EC}.Debug|Any CPU.Build.0 = Debug|Any CPU
		{6C335134-2B23-451C-B95C-D896A4BE53EC}.Release|Any CPU.ActiveCfg = Release|Any CPU
		{6C335134-2B23-451C-B95C-D896A4BE53EC}.Release|Any CPU.Build.0 = Release|Any CPU
	EndGlobalSection
	GlobalSection(SolutionProperties) = preSolution
		HideSolutionNode = FALSE
	EndGlobalSection
	GlobalSection(ExtensibilityGlobals) = postSolution
		SolutionGuid = {36B8EDF5-9522-478E-8B4B-186382774FA4}
	EndGlobalSection
EndGlobal
